
Microsoft Visual Studio Solution File, Format Version 12.00
# Visual Studio Version 16
VisualStudioVersion = 16.0.29806.167
MinimumVisualStudioVersion = 10.0.40219.1
Project("{FAE04EC0-301F-11D3-BF4B-00C04F79EFBC}") = "web api assignment", "web api assignment.csproj", "{DD481916-09CD-4E41-8F32-BEEF63DE627A}"
EndProject
Global
	GlobalSection(SolutionConfigurationPlatforms) = preSolution
		Debug|Any CPU = Debug|Any CPU
		Release|Any CPU = Release|Any CPU
	EndGlobalSection
	GlobalSection(ProjectConfigurationPlatforms) = postSolution
		{DD481916-09CD-4E41-8F32-BEEF63DE627A}.Debug|Any CPU.ActiveCfg = Debug|Any CPU
		{DD481916-09CD-4E41-8F32-BEEF63DE627A}.Debug|Any CPU.Build.0 = Debug|Any CPU
		{DD481916-09CD-4E41-8F32-BEEF63DE627A}.Release|Any CPU.ActiveCfg = Release|Any CPU
		{DD481916-09CD-4E41-8F32-BEEF63DE627A}.Release|Any CPU.Build.0 = Release|Any CPU
	EndGlobalSection
	GlobalSection(SolutionProperties) = preSolution
		HideSolutionNode = FALSE
	EndGlobalSection
	GlobalSection(ExtensibilityGlobals) = postSolution
		SolutionGuid = {8C9FF7C0-6AB9-4971-87E4-E7551C643BF4}
	EndGlobalSection
EndGlobal
